
Microsoft Visual Studio Solution File, Format Version 12.00
# Visual Studio 14
VisualStudioVersion = 14.0.25420.1
MinimumVisualStudioVersion = 10.0.40219.1
Project("{FAE04EC0-301F-11D3-BF4B-00C04F79EFBC}") = "Xpressive.Home", "Xpressive.Home\Xpressive.Home.csproj", "{0D0C6AE1-EF4F-426C-835A-6C491A6395F9}"
EndProject
Project("{2150E333-8FDC-42A3-9474-1A3956D46DE8}") = "Plugins", "Plugins", "{76420CFE-43A4-4E16-8AA5-8659E142AE4A}"
EndProject
Project("{FAE04EC0-301F-11D3-BF4B-00C04F79EFBC}") = "Xpressive.Home.Contracts", "Xpressive.Home.Contracts\Xpressive.Home.Contracts.csproj", "{D19262BE-03D6-415F-B442-EDDF9DA2D435}"
EndProject
Project("{FAE04EC0-301F-11D3-BF4B-00C04F79EFBC}") = "Xpressive.Home.Plugins.MyStrom", "Xpressive.Home.Plugins.MyStrom\Xpressive.Home.Plugins.MyStrom.csproj", "{973CAFCD-3775-4CEE-844F-EA7A7954CA88}"
EndProject
Project("{FAE04EC0-301F-11D3-BF4B-00C04F79EFBC}") = "Xpressive.Home.Services", "Xpressive.Home.Services\Xpressive.Home.Services.csproj", "{A689610D-764C-478C-8EE7-B4D1C2CAA97D}"
EndProject
Project("{FAE04EC0-301F-11D3-BF4B-00C04F79EFBC}") = "Xpressive.Home.Plugins.Pushalot", "Xpressive.Home.Plugins.Pushalot\Xpressive.Home.Plugins.Pushalot.csproj", "{2CADE49A-74E3-4BE2-8FAF-AA6318458D22}"
EndProject
Project("{FAE04EC0-301F-11D3-BF4B-00C04F79EFBC}") = "Xpressive.Home.Plugins.Email", "Xpressive.Home.Plugins.Email\Xpressive.Home.Plugins.Email.csproj", "{EDBA452F-DEFB-43C1-B5B1-75D1B3EF1CB9}"
EndProject
Project("{FAE04EC0-301F-11D3-BF4B-00C04F79EFBC}") = "Xpressive.Home.Plugins.Daylight", "Xpressive.Home.Plugins.Daylight\Xpressive.Home.Plugins.Daylight.csproj", "{35C74C26-1589-47B5-B3DD-BA976B779014}"
EndProject
Project("{FAE04EC0-301F-11D3-BF4B-00C04F79EFBC}") = "Xpressive.Home.Plugins.Denon", "Xpressive.Home.Plugins.Denon\Xpressive.Home.Plugins.Denon.csproj", "{8C8793C2-7B93-4031-A71C-7D0FEA3CE990}"
EndProject
Project("{FAE04EC0-301F-11D3-BF4B-00C04F79EFBC}") = "Xpressive.Home.Plugins.Sonos", "Xpressive.Home.Plugins.Sonos\Xpressive.Home.Plugins.Sonos.csproj", "{9637FA1D-540D-474B-9E2B-93EE96695505}"
EndProject
Project("{FAE04EC0-301F-11D3-BF4B-00C04F79EFBC}") = "Xpressive.Home.Plugins.Netatmo", "Xpressive.Home.Plugins.Netatmo\Xpressive.Home.Plugins.Netatmo.csproj", "{EADD675F-7358-4E0F-B5C3-36515641D6AD}"
EndProject
Project("{FAE04EC0-301F-11D3-BF4B-00C04F79EFBC}") = "Xpressive.Home.Plugins.Netatmo.Tests", "Xpressive.Home.Plugins.Netatmo.Tests\Xpressive.Home.Plugins.Netatmo.Tests.csproj", "{3ADD0829-71B7-483D-9C26-6DE3AD03DFE6}"
EndProject
Project("{FAE04EC0-301F-11D3-BF4B-00C04F79EFBC}") = "Xpressive.Home.Plugins.PhilipsHue", "Xpressive.Home.Plugins.PhilipsHue\Xpressive.Home.Plugins.PhilipsHue.csproj", "{3FC8BC73-6C68-49DC-89A8-2F2A9AD76D50}"
EndProject
Project("{FAE04EC0-301F-11D3-BF4B-00C04F79EFBC}") = "Xpressive.Home.Plugins.Sonos.Tests", "Xpressive.Home.Plugins.Sonos.Tests\Xpressive.Home.Plugins.Sonos.Tests.csproj", "{F3031E96-A359-4B8F-946A-7A49129F9681}"
EndProject
Project("{FAE04EC0-301F-11D3-BF4B-00C04F79EFBC}") = "Xpressive.Home.Plugins.PhilipsHue.Tests", "Xpressive.Home.Plugins.PhilipsHue.Tests\Xpressive.Home.Plugins.PhilipsHue.Tests.csproj", "{5A36BC50-B7FC-4088-AD33-676FD039F9E4}"
EndProject
Project("{FAE04EC0-301F-11D3-BF4B-00C04F79EFBC}") = "Xpressive.Home.WebApi", "Xpressive.Home.WebApi\Xpressive.Home.WebApi.csproj", "{515D28D5-49AA-4062-85BC-C7E122CFE780}"
EndProject
Project("{FAE04EC0-301F-11D3-BF4B-00C04F79EFBC}") = "Xpressive.Home.ConsoleHost", "Xpressive.Home.ConsoleHost\Xpressive.Home.ConsoleHost.csproj", "{67EF15D9-6555-400B-A10D-00FDC9AA5A02}"
	ProjectSection(ProjectDependencies) = postProject
		{9637FA1D-540D-474B-9E2B-93EE96695505} = {9637FA1D-540D-474B-9E2B-93EE96695505}
		{35C74C26-1589-47B5-B3DD-BA976B779014} = {35C74C26-1589-47B5-B3DD-BA976B779014}
		{3ADD0829-71B7-483D-9C26-6DE3AD03DFE6} = {3ADD0829-71B7-483D-9C26-6DE3AD03DFE6}
		{EDBA452F-DEFB-43C1-B5B1-75D1B3EF1CB9} = {EDBA452F-DEFB-43C1-B5B1-75D1B3EF1CB9}
		{C7744D36-69EB-47A4-8F3B-A05C1F8BC683} = {C7744D36-69EB-47A4-8F3B-A05C1F8BC683}
		{D7584247-4B62-41D2-9171-20ABC8B0945B} = {D7584247-4B62-41D2-9171-20ABC8B0945B}
		{D8BE8949-53E4-47E2-A40F-6D9523E689C6} = {D8BE8949-53E4-47E2-A40F-6D9523E689C6}
		{061ACF4D-C609-4E85-997C-5154562549DB} = {061ACF4D-C609-4E85-997C-5154562549DB}
		{5A36BC50-B7FC-4088-AD33-676FD039F9E4} = {5A36BC50-B7FC-4088-AD33-676FD039F9E4}
		{FC90E250-E5A7-4C6D-BF4C-209729DEC3DB} = {FC90E250-E5A7-4C6D-BF4C-209729DEC3DB}
		{EADD675F-7358-4E0F-B5C3-36515641D6AD} = {EADD675F-7358-4E0F-B5C3-36515641D6AD}
		{28CEDF68-BF09-4BAB-B413-35EE62285DC5} = {28CEDF68-BF09-4BAB-B413-35EE62285DC5}
		{3FC8BC73-6C68-49DC-89A8-2F2A9AD76D50} = {3FC8BC73-6C68-49DC-89A8-2F2A9AD76D50}
		{4DFADF7A-B1FB-4092-910E-B9586902BC44} = {4DFADF7A-B1FB-4092-910E-B9586902BC44}
		{F3031E96-A359-4B8F-946A-7A49129F9681} = {F3031E96-A359-4B8F-946A-7A49129F9681}
		{F9747696-9647-4F4E-80DA-F325699425AA} = {F9747696-9647-4F4E-80DA-F325699425AA}
		{2CADE49A-74E3-4BE2-8FAF-AA6318458D22} = {2CADE49A-74E3-4BE2-8FAF-AA6318458D22}
		{BAE935AE-D604-4931-A0B3-0187A6CB9E7E} = {BAE935AE-D604-4931-A0B3-0187A6CB9E7E}
		{D19262BE-03D6-415F-B442-EDDF9DA2D435} = {D19262BE-03D6-415F-B442-EDDF9DA2D435}
		{8C8793C2-7B93-4031-A71C-7D0FEA3CE990} = {8C8793C2-7B93-4031-A71C-7D0FEA3CE990}
		{973CAFCD-3775-4CEE-844F-EA7A7954CA88} = {973CAFCD-3775-4CEE-844F-EA7A7954CA88}
		{515D28D5-49AA-4062-85BC-C7E122CFE780} = {515D28D5-49AA-4062-85BC-C7E122CFE780}
		{5B7FC0D6-C321-49DA-8E2B-82E01AC62CA6} = {5B7FC0D6-C321-49DA-8E2B-82E01AC62CA6}
		{09E2EAFA-A757-4A8F-9D5F-0CBD7C9DCB9D} = {09E2EAFA-A757-4A8F-9D5F-0CBD7C9DCB9D}
	EndProjectSection
EndProject
Project("{FAE04EC0-301F-11D3-BF4B-00C04F79EFBC}") = "Xpressive.Home.Plugins.Lifx", "Xpressive.Home.Plugins.Lifx\Xpressive.Home.Plugins.Lifx.csproj", "{28CEDF68-BF09-4BAB-B413-35EE62285DC5}"
EndProject
Project("{FAE04EC0-301F-11D3-BF4B-00C04F79EFBC}") = "Xpressive.Home.Plugins.Forecast", "Xpressive.Home.Plugins.Forecast\Xpressive.Home.Plugins.Forecast.csproj", "{09E2EAFA-A757-4A8F-9D5F-0CBD7C9DCB9D}"
EndProject
Project("{FAE04EC0-301F-11D3-BF4B-00C04F79EFBC}") = "Xpressive.Home.Plugins.Zwave", "Xpressive.Home.Plugins.Zwave\Xpressive.Home.Plugins.Zwave.csproj", "{FC90E250-E5A7-4C6D-BF4C-209729DEC3DB}"
EndProject
Project("{FAE04EC0-301F-11D3-BF4B-00C04F79EFBC}") = "Xpressive.Home.DatabaseMigrator", "Xpressive.Home.DatabaseMigrator\Xpressive.Home.DatabaseMigrator.csproj", "{BD690159-08FC-4F77-8FE5-3A580E6E9FAF}"
EndProject
Project("{2150E333-8FDC-42A3-9474-1A3956D46DE8}") = "Deployment", "Deployment", "{66BA7D8D-AF08-4FAE-AB0F-58AB6E5EFB77}"
	ProjectSection(SolutionItems) = preProject
		build.cake = build.cake
	EndProjectSection
EndProject
Project("{FAE04EC0-301F-11D3-BF4B-00C04F79EFBC}") = "Xpressive.Home.Deployment.Sign", "Xpressive.Home.Deployment.Sign\Xpressive.Home.Deployment.Sign.csproj", "{EB3F6EEB-B029-4888-913B-E13C43001B0C}"
EndProject
Project("{FAE04EC0-301F-11D3-BF4B-00C04F79EFBC}") = "Xpressive.Home.Service", "Xpressive.Home.Service\Xpressive.Home.Service.csproj", "{3E96C478-C4B1-4479-8A40-59FDAC020986}"
	ProjectSection(ProjectDependencies) = postProject
		{A689610D-764C-478C-8EE7-B4D1C2CAA97D} = {A689610D-764C-478C-8EE7-B4D1C2CAA97D}
		{9637FA1D-540D-474B-9E2B-93EE96695505} = {9637FA1D-540D-474B-9E2B-93EE96695505}
		{35C74C26-1589-47B5-B3DD-BA976B779014} = {35C74C26-1589-47B5-B3DD-BA976B779014}
		{EDBA452F-DEFB-43C1-B5B1-75D1B3EF1CB9} = {EDBA452F-DEFB-43C1-B5B1-75D1B3EF1CB9}
		{C7744D36-69EB-47A4-8F3B-A05C1F8BC683} = {C7744D36-69EB-47A4-8F3B-A05C1F8BC683}
		{D8BE8949-53E4-47E2-A40F-6D9523E689C6} = {D8BE8949-53E4-47E2-A40F-6D9523E689C6}
		{061ACF4D-C609-4E85-997C-5154562549DB} = {061ACF4D-C609-4E85-997C-5154562549DB}
		{FC90E250-E5A7-4C6D-BF4C-209729DEC3DB} = {FC90E250-E5A7-4C6D-BF4C-209729DEC3DB}
		{BD690159-08FC-4F77-8FE5-3A580E6E9FAF} = {BD690159-08FC-4F77-8FE5-3A580E6E9FAF}
		{EADD675F-7358-4E0F-B5C3-36515641D6AD} = {EADD675F-7358-4E0F-B5C3-36515641D6AD}
		{28CEDF68-BF09-4BAB-B413-35EE62285DC5} = {28CEDF68-BF09-4BAB-B413-35EE62285DC5}
		{3FC8BC73-6C68-49DC-89A8-2F2A9AD76D50} = {3FC8BC73-6C68-49DC-89A8-2F2A9AD76D50}
		{4DFADF7A-B1FB-4092-910E-B9586902BC44} = {4DFADF7A-B1FB-4092-910E-B9586902BC44}
		{F9747696-9647-4F4E-80DA-F325699425AA} = {F9747696-9647-4F4E-80DA-F325699425AA}
		{2CADE49A-74E3-4BE2-8FAF-AA6318458D22} = {2CADE49A-74E3-4BE2-8FAF-AA6318458D22}
		{BA1EACA5-2DE5-4B86-9DAD-AF9E5986878C} = {BA1EACA5-2DE5-4B86-9DAD-AF9E5986878C}
		{BAE935AE-D604-4931-A0B3-0187A6CB9E7E} = {BAE935AE-D604-4931-A0B3-0187A6CB9E7E}
		{D19262BE-03D6-415F-B442-EDDF9DA2D435} = {D19262BE-03D6-415F-B442-EDDF9DA2D435}
		{8C8793C2-7B93-4031-A71C-7D0FEA3CE990} = {8C8793C2-7B93-4031-A71C-7D0FEA3CE990}
		{973CAFCD-3775-4CEE-844F-EA7A7954CA88} = {973CAFCD-3775-4CEE-844F-EA7A7954CA88}
		{515D28D5-49AA-4062-85BC-C7E122CFE780} = {515D28D5-49AA-4062-85BC-C7E122CFE780}
		{5B7FC0D6-C321-49DA-8E2B-82E01AC62CA6} = {5B7FC0D6-C321-49DA-8E2B-82E01AC62CA6}
		{EB3F6EEB-B029-4888-913B-E13C43001B0C} = {EB3F6EEB-B029-4888-913B-E13C43001B0C}
		{09E2EAFA-A757-4A8F-9D5F-0CBD7C9DCB9D} = {09E2EAFA-A757-4A8F-9D5F-0CBD7C9DCB9D}
	EndProjectSection
EndProject
Project("{FAE04EC0-301F-11D3-BF4B-00C04F79EFBC}") = "Xpressive.Home.Deployment.Updater", "Xpressive.Home.Deployment.Updater\Xpressive.Home.Deployment.Updater.csproj", "{BA1EACA5-2DE5-4B86-9DAD-AF9E5986878C}"
EndProject
Project("{FAE04EC0-301F-11D3-BF4B-00C04F79EFBC}") = "Xpressive.Home.Plugins.Sms", "Xpressive.Home.Plugins.Sms\Xpressive.Home.Plugins.Sms.csproj", "{061ACF4D-C609-4E85-997C-5154562549DB}"
EndProject
Project("{FAE04EC0-301F-11D3-BF4B-00C04F79EFBC}") = "Xpressive.Home.Plugins.Tado", "Xpressive.Home.Plugins.Tado\Xpressive.Home.Plugins.Tado.csproj", "{D8BE8949-53E4-47E2-A40F-6D9523E689C6}"
EndProject
Project("{FAE04EC0-301F-11D3-BF4B-00C04F79EFBC}") = "Xpressive.Home.Plugins.Pushover", "Xpressive.Home.Plugins.Pushover\Xpressive.Home.Plugins.Pushover.csproj", "{C7744D36-69EB-47A4-8F3B-A05C1F8BC683}"
EndProject
Project("{FAE04EC0-301F-11D3-BF4B-00C04F79EFBC}") = "Xpressive.Home.Services.Tests", "Xpressive.Home.Services.Tests\Xpressive.Home.Services.Tests.csproj", "{05DB5880-CDD4-4345-803F-B85C7B622F0C}"
EndProject
Project("{FAE04EC0-301F-11D3-BF4B-00C04F79EFBC}") = "Xpressive.Home.Plugins.WebHook", "Xpressive.Home.Plugins.WebHook\Xpressive.Home.Plugins.WebHook.csproj", "{BAE935AE-D604-4931-A0B3-0187A6CB9E7E}"
EndProject
Project("{FAE04EC0-301F-11D3-BF4B-00C04F79EFBC}") = "Xpressive.Home.Plugins.ZyxelUsg", "Xpressive.Home.Plugins.ZyxelUsg\Xpressive.Home.Plugins.ZyxelUsg.csproj", "{5B7FC0D6-C321-49DA-8E2B-82E01AC62CA6}"
EndProject
Project("{FAE04EC0-301F-11D3-BF4B-00C04F79EFBC}") = "Xpressive.Home.Plugins.NetworkDeviceAvailability", "Xpressive.Home.Plugins.NetworkDeviceAvailability\Xpressive.Home.Plugins.NetworkDeviceAvailability.csproj", "{F9747696-9647-4F4E-80DA-F325699425AA}"
EndProject
Project("{FAE04EC0-301F-11D3-BF4B-00C04F79EFBC}") = "Xpressive.Home.Plugins.NissanLeaf", "Xpressive.Home.Plugins.NissanLeaf\Xpressive.Home.Plugins.NissanLeaf.csproj", "{D7584247-4B62-41D2-9171-20ABC8B0945B}"
EndProject
Project("{FAE04EC0-301F-11D3-BF4B-00C04F79EFBC}") = "Xpressive.Home.Plugins.Workday", "Xpressive.Home.Plugins.Workday\Xpressive.Home.Plugins.Workday.csproj", "{4DFADF7A-B1FB-4092-910E-B9586902BC44}"
EndProject
Project("{FAE04EC0-301F-11D3-BF4B-00C04F79EFBC}") = "Xpressive.Home.Plugins.Workday.Tests", "Xpressive.Home.Plugins.Workday.Tests\Xpressive.Home.Plugins.Workday.Tests.csproj", "{772D7411-7EFF-4CEA-B31F-B1FFDDA5CA7C}"
EndProject
Global
	GlobalSection(SolutionConfigurationPlatforms) = preSolution
		Build|Any CPU = Build|Any CPU
		Debug|Any CPU = Debug|Any CPU
		Release|Any CPU = Release|Any CPU
	EndGlobalSection
	GlobalSection(ProjectConfigurationPlatforms) = postSolution
		{0D0C6AE1-EF4F-426C-835A-6C491A6395F9}.Build|Any CPU.ActiveCfg = Build|Any CPU
		{0D0C6AE1-EF4F-426C-835A-6C491A6395F9}.Build|Any CPU.Build.0 = Build|Any CPU
		{0D0C6AE1-EF4F-426C-835A-6C491A6395F9}.Debug|Any CPU.ActiveCfg = Debug|Any CPU
		{0D0C6AE1-EF4F-426C-835A-6C491A6395F9}.Debug|Any CPU.Build.0 = Debug|Any CPU
		{0D0C6AE1-EF4F-426C-835A-6C491A6395F9}.Release|Any CPU.ActiveCfg = Release|Any CPU
		{0D0C6AE1-EF4F-426C-835A-6C491A6395F9}.Release|Any CPU.Build.0 = Release|Any CPU
		{D19262BE-03D6-415F-B442-EDDF9DA2D435}.Build|Any CPU.ActiveCfg = Build|Any CPU
		{D19262BE-03D6-415F-B442-EDDF9DA2D435}.Build|Any CPU.Build.0 = Build|Any CPU
		{D19262BE-03D6-415F-B442-EDDF9DA2D435}.Debug|Any CPU.ActiveCfg = Debug|Any CPU
		{D19262BE-03D6-415F-B442-EDDF9DA2D435}.Debug|Any CPU.Build.0 = Debug|Any CPU
		{D19262BE-03D6-415F-B442-EDDF9DA2D435}.Release|Any CPU.ActiveCfg = Release|Any CPU
		{D19262BE-03D6-415F-B442-EDDF9DA2D435}.Release|Any CPU.Build.0 = Release|Any CPU
		{973CAFCD-3775-4CEE-844F-EA7A7954CA88}.Build|Any CPU.ActiveCfg = Build|Any CPU
		{973CAFCD-3775-4CEE-844F-EA7A7954CA88}.Build|Any CPU.Build.0 = Build|Any CPU
		{973CAFCD-3775-4CEE-844F-EA7A7954CA88}.Debug|Any CPU.ActiveCfg = Debug|Any CPU
		{973CAFCD-3775-4CEE-844F-EA7A7954CA88}.Debug|Any CPU.Build.0 = Debug|Any CPU
		{973CAFCD-3775-4CEE-844F-EA7A7954CA88}.Release|Any CPU.ActiveCfg = Release|Any CPU
		{973CAFCD-3775-4CEE-844F-EA7A7954CA88}.Release|Any CPU.Build.0 = Release|Any CPU
		{A689610D-764C-478C-8EE7-B4D1C2CAA97D}.Build|Any CPU.ActiveCfg = Build|Any CPU
		{A689610D-764C-478C-8EE7-B4D1C2CAA97D}.Build|Any CPU.Build.0 = Build|Any CPU
		{A689610D-764C-478C-8EE7-B4D1C2CAA97D}.Debug|Any CPU.ActiveCfg = Debug|Any CPU
		{A689610D-764C-478C-8EE7-B4D1C2CAA97D}.Debug|Any CPU.Build.0 = Debug|Any CPU
		{A689610D-764C-478C-8EE7-B4D1C2CAA97D}.Release|Any CPU.ActiveCfg = Release|Any CPU
		{A689610D-764C-478C-8EE7-B4D1C2CAA97D}.Release|Any CPU.Build.0 = Release|Any CPU
		{2CADE49A-74E3-4BE2-8FAF-AA6318458D22}.Build|Any CPU.ActiveCfg = Build|Any CPU
		{2CADE49A-74E3-4BE2-8FAF-AA6318458D22}.Build|Any CPU.Build.0 = Build|Any CPU
		{2CADE49A-74E3-4BE2-8FAF-AA6318458D22}.Debug|Any CPU.ActiveCfg = Debug|Any CPU
		{2CADE49A-74E3-4BE2-8FAF-AA6318458D22}.Debug|Any CPU.Build.0 = Debug|Any CPU
		{2CADE49A-74E3-4BE2-8FAF-AA6318458D22}.Release|Any CPU.ActiveCfg = Release|Any CPU
		{2CADE49A-74E3-4BE2-8FAF-AA6318458D22}.Release|Any CPU.Build.0 = Release|Any CPU
		{EDBA452F-DEFB-43C1-B5B1-75D1B3EF1CB9}.Build|Any CPU.ActiveCfg = Build|Any CPU
		{EDBA452F-DEFB-43C1-B5B1-75D1B3EF1CB9}.Build|Any CPU.Build.0 = Build|Any CPU
		{EDBA452F-DEFB-43C1-B5B1-75D1B3EF1CB9}.Debug|Any CPU.ActiveCfg = Debug|Any CPU
		{EDBA452F-DEFB-43C1-B5B1-75D1B3EF1CB9}.Debug|Any CPU.Build.0 = Debug|Any CPU
		{EDBA452F-DEFB-43C1-B5B1-75D1B3EF1CB9}.Release|Any CPU.ActiveCfg = Release|Any CPU
		{EDBA452F-DEFB-43C1-B5B1-75D1B3EF1CB9}.Release|Any CPU.Build.0 = Release|Any CPU
		{35C74C26-1589-47B5-B3DD-BA976B779014}.Build|Any CPU.ActiveCfg = Build|Any CPU
		{35C74C26-1589-47B5-B3DD-BA976B779014}.Build|Any CPU.Build.0 = Build|Any CPU
		{35C74C26-1589-47B5-B3DD-BA976B779014}.Debug|Any CPU.ActiveCfg = Debug|Any CPU
		{35C74C26-1589-47B5-B3DD-BA976B779014}.Debug|Any CPU.Build.0 = Debug|Any CPU
		{35C74C26-1589-47B5-B3DD-BA976B779014}.Release|Any CPU.ActiveCfg = Release|Any CPU
		{35C74C26-1589-47B5-B3DD-BA976B779014}.Release|Any CPU.Build.0 = Release|Any CPU
		{8C8793C2-7B93-4031-A71C-7D0FEA3CE990}.Build|Any CPU.ActiveCfg = Build|Any CPU
		{8C8793C2-7B93-4031-A71C-7D0FEA3CE990}.Build|Any CPU.Build.0 = Build|Any CPU
		{8C8793C2-7B93-4031-A71C-7D0FEA3CE990}.Debug|Any CPU.ActiveCfg = Debug|Any CPU
		{8C8793C2-7B93-4031-A71C-7D0FEA3CE990}.Debug|Any CPU.Build.0 = Debug|Any CPU
		{8C8793C2-7B93-4031-A71C-7D0FEA3CE990}.Release|Any CPU.ActiveCfg = Release|Any CPU
		{8C8793C2-7B93-4031-A71C-7D0FEA3CE990}.Release|Any CPU.Build.0 = Release|Any CPU
		{9637FA1D-540D-474B-9E2B-93EE96695505}.Build|Any CPU.ActiveCfg = Build|Any CPU
		{9637FA1D-540D-474B-9E2B-93EE96695505}.Build|Any CPU.Build.0 = Build|Any CPU
		{9637FA1D-540D-474B-9E2B-93EE96695505}.Debug|Any CPU.ActiveCfg = Debug|Any CPU
		{9637FA1D-540D-474B-9E2B-93EE96695505}.Debug|Any CPU.Build.0 = Debug|Any CPU
		{9637FA1D-540D-474B-9E2B-93EE96695505}.Release|Any CPU.ActiveCfg = Release|Any CPU
		{9637FA1D-540D-474B-9E2B-93EE96695505}.Release|Any CPU.Build.0 = Release|Any CPU
		{EADD675F-7358-4E0F-B5C3-36515641D6AD}.Build|Any CPU.ActiveCfg = Build|Any CPU
		{EADD675F-7358-4E0F-B5C3-36515641D6AD}.Build|Any CPU.Build.0 = Build|Any CPU
		{EADD675F-7358-4E0F-B5C3-36515641D6AD}.Debug|Any CPU.ActiveCfg = Debug|Any CPU
		{EADD675F-7358-4E0F-B5C3-36515641D6AD}.Debug|Any CPU.Build.0 = Debug|Any CPU
		{EADD675F-7358-4E0F-B5C3-36515641D6AD}.Release|Any CPU.ActiveCfg = Release|Any CPU
		{EADD675F-7358-4E0F-B5C3-36515641D6AD}.Release|Any CPU.Build.0 = Release|Any CPU
		{3ADD0829-71B7-483D-9C26-6DE3AD03DFE6}.Build|Any CPU.ActiveCfg = Build|Any CPU
		{3ADD0829-71B7-483D-9C26-6DE3AD03DFE6}.Debug|Any CPU.ActiveCfg = Debug|Any CPU
		{3ADD0829-71B7-483D-9C26-6DE3AD03DFE6}.Debug|Any CPU.Build.0 = Debug|Any CPU
		{3ADD0829-71B7-483D-9C26-6DE3AD03DFE6}.Release|Any CPU.ActiveCfg = Release|Any CPU
		{3ADD0829-71B7-483D-9C26-6DE3AD03DFE6}.Release|Any CPU.Build.0 = Release|Any CPU
		{3FC8BC73-6C68-49DC-89A8-2F2A9AD76D50}.Build|Any CPU.ActiveCfg = Build|Any CPU
		{3FC8BC73-6C68-49DC-89A8-2F2A9AD76D50}.Build|Any CPU.Build.0 = Build|Any CPU
		{3FC8BC73-6C68-49DC-89A8-2F2A9AD76D50}.Debug|Any CPU.ActiveCfg = Debug|Any CPU
		{3FC8BC73-6C68-49DC-89A8-2F2A9AD76D50}.Debug|Any CPU.Build.0 = Debug|Any CPU
		{3FC8BC73-6C68-49DC-89A8-2F2A9AD76D50}.Release|Any CPU.ActiveCfg = Release|Any CPU
		{3FC8BC73-6C68-49DC-89A8-2F2A9AD76D50}.Release|Any CPU.Build.0 = Release|Any CPU
		{F3031E96-A359-4B8F-946A-7A49129F9681}.Build|Any CPU.ActiveCfg = Build|Any CPU
		{F3031E96-A359-4B8F-946A-7A49129F9681}.Debug|Any CPU.ActiveCfg = Debug|Any CPU
		{F3031E96-A359-4B8F-946A-7A49129F9681}.Debug|Any CPU.Build.0 = Debug|Any CPU
		{F3031E96-A359-4B8F-946A-7A49129F9681}.Release|Any CPU.ActiveCfg = Release|Any CPU
		{F3031E96-A359-4B8F-946A-7A49129F9681}.Release|Any CPU.Build.0 = Release|Any CPU
		{5A36BC50-B7FC-4088-AD33-676FD039F9E4}.Build|Any CPU.ActiveCfg = Build|Any CPU
		{5A36BC50-B7FC-4088-AD33-676FD039F9E4}.Debug|Any CPU.ActiveCfg = Debug|Any CPU
		{5A36BC50-B7FC-4088-AD33-676FD039F9E4}.Debug|Any CPU.Build.0 = Debug|Any CPU
		{5A36BC50-B7FC-4088-AD33-676FD039F9E4}.Release|Any CPU.ActiveCfg = Release|Any CPU
		{5A36BC50-B7FC-4088-AD33-676FD039F9E4}.Release|Any CPU.Build.0 = Release|Any CPU
		{515D28D5-49AA-4062-85BC-C7E122CFE780}.Build|Any CPU.ActiveCfg = Build|Any CPU
		{515D28D5-49AA-4062-85BC-C7E122CFE780}.Build|Any CPU.Build.0 = Build|Any CPU
		{515D28D5-49AA-4062-85BC-C7E122CFE780}.Debug|Any CPU.ActiveCfg = Debug|Any CPU
		{515D28D5-49AA-4062-85BC-C7E122CFE780}.Debug|Any CPU.Build.0 = Debug|Any CPU
		{515D28D5-49AA-4062-85BC-C7E122CFE780}.Release|Any CPU.ActiveCfg = Release|Any CPU
		{515D28D5-49AA-4062-85BC-C7E122CFE780}.Release|Any CPU.Build.0 = Release|Any CPU
		{67EF15D9-6555-400B-A10D-00FDC9AA5A02}.Build|Any CPU.ActiveCfg = Build|Any CPU
		{67EF15D9-6555-400B-A10D-00FDC9AA5A02}.Build|Any CPU.Build.0 = Build|Any CPU
		{67EF15D9-6555-400B-A10D-00FDC9AA5A02}.Debug|Any CPU.ActiveCfg = Debug|Any CPU
		{67EF15D9-6555-400B-A10D-00FDC9AA5A02}.Debug|Any CPU.Build.0 = Debug|Any CPU
		{67EF15D9-6555-400B-A10D-00FDC9AA5A02}.Release|Any CPU.ActiveCfg = Release|Any CPU
		{67EF15D9-6555-400B-A10D-00FDC9AA5A02}.Release|Any CPU.Build.0 = Release|Any CPU
		{28CEDF68-BF09-4BAB-B413-35EE62285DC5}.Build|Any CPU.ActiveCfg = Build|Any CPU
		{28CEDF68-BF09-4BAB-B413-35EE62285DC5}.Build|Any CPU.Build.0 = Build|Any CPU
		{28CEDF68-BF09-4BAB-B413-35EE62285DC5}.Debug|Any CPU.ActiveCfg = Debug|Any CPU
		{28CEDF68-BF09-4BAB-B413-35EE62285DC5}.Debug|Any CPU.Build.0 = Debug|Any CPU
		{28CEDF68-BF09-4BAB-B413-35EE62285DC5}.Release|Any CPU.ActiveCfg = Release|Any CPU
		{28CEDF68-BF09-4BAB-B413-35EE62285DC5}.Release|Any CPU.Build.0 = Release|Any CPU
		{09E2EAFA-A757-4A8F-9D5F-0CBD7C9DCB9D}.Build|Any CPU.ActiveCfg = Build|Any CPU
		{09E2EAFA-A757-4A8F-9D5F-0CBD7C9DCB9D}.Build|Any CPU.Build.0 = Build|Any CPU
		{09E2EAFA-A757-4A8F-9D5F-0CBD7C9DCB9D}.Debug|Any CPU.ActiveCfg = Debug|Any CPU
		{09E2EAFA-A757-4A8F-9D5F-0CBD7C9DCB9D}.Debug|Any CPU.Build.0 = Debug|Any CPU
		{09E2EAFA-A757-4A8F-9D5F-0CBD7C9DCB9D}.Release|Any CPU.ActiveCfg = Release|Any CPU
		{09E2EAFA-A757-4A8F-9D5F-0CBD7C9DCB9D}.Release|Any CPU.Build.0 = Release|Any CPU
		{FC90E250-E5A7-4C6D-BF4C-209729DEC3DB}.Build|Any CPU.ActiveCfg = Build|Any CPU
		{FC90E250-E5A7-4C6D-BF4C-209729DEC3DB}.Build|Any CPU.Build.0 = Build|Any CPU
		{FC90E250-E5A7-4C6D-BF4C-209729DEC3DB}.Debug|Any CPU.ActiveCfg = Debug|Any CPU
		{FC90E250-E5A7-4C6D-BF4C-209729DEC3DB}.Debug|Any CPU.Build.0 = Debug|Any CPU
		{FC90E250-E5A7-4C6D-BF4C-209729DEC3DB}.Release|Any CPU.ActiveCfg = Release|Any CPU
		{FC90E250-E5A7-4C6D-BF4C-209729DEC3DB}.Release|Any CPU.Build.0 = Release|Any CPU
		{BD690159-08FC-4F77-8FE5-3A580E6E9FAF}.Build|Any CPU.ActiveCfg = Build|Any CPU
		{BD690159-08FC-4F77-8FE5-3A580E6E9FAF}.Build|Any CPU.Build.0 = Build|Any CPU
		{BD690159-08FC-4F77-8FE5-3A580E6E9FAF}.Debug|Any CPU.ActiveCfg = Debug|Any CPU
		{BD690159-08FC-4F77-8FE5-3A580E6E9FAF}.Debug|Any CPU.Build.0 = Debug|Any CPU
		{BD690159-08FC-4F77-8FE5-3A580E6E9FAF}.Release|Any CPU.ActiveCfg = Release|Any CPU
		{BD690159-08FC-4F77-8FE5-3A580E6E9FAF}.Release|Any CPU.Build.0 = Release|Any CPU
		{EB3F6EEB-B029-4888-913B-E13C43001B0C}.Build|Any CPU.ActiveCfg = Build|Any CPU
		{EB3F6EEB-B029-4888-913B-E13C43001B0C}.Build|Any CPU.Build.0 = Build|Any CPU
		{EB3F6EEB-B029-4888-913B-E13C43001B0C}.Debug|Any CPU.ActiveCfg = Debug|Any CPU
		{EB3F6EEB-B029-4888-913B-E13C43001B0C}.Debug|Any CPU.Build.0 = Debug|Any CPU
		{EB3F6EEB-B029-4888-913B-E13C43001B0C}.Release|Any CPU.ActiveCfg = Release|Any CPU
		{EB3F6EEB-B029-4888-913B-E13C43001B0C}.Release|Any CPU.Build.0 = Release|Any CPU
		{3E96C478-C4B1-4479-8A40-59FDAC020986}.Build|Any CPU.ActiveCfg = Build|Any CPU
		{3E96C478-C4B1-4479-8A40-59FDAC020986}.Build|Any CPU.Build.0 = Build|Any CPU
		{3E96C478-C4B1-4479-8A40-59FDAC020986}.Debug|Any CPU.ActiveCfg = Debug|Any CPU
		{3E96C478-C4B1-4479-8A40-59FDAC020986}.Debug|Any CPU.Build.0 = Debug|Any CPU
		{3E96C478-C4B1-4479-8A40-59FDAC020986}.Release|Any CPU.ActiveCfg = Release|Any CPU
		{3E96C478-C4B1-4479-8A40-59FDAC020986}.Release|Any CPU.Build.0 = Release|Any CPU
		{BA1EACA5-2DE5-4B86-9DAD-AF9E5986878C}.Build|Any CPU.ActiveCfg = Build|Any CPU
		{BA1EACA5-2DE5-4B86-9DAD-AF9E5986878C}.Build|Any CPU.Build.0 = Build|Any CPU
		{BA1EACA5-2DE5-4B86-9DAD-AF9E5986878C}.Debug|Any CPU.ActiveCfg = Debug|Any CPU
		{BA1EACA5-2DE5-4B86-9DAD-AF9E5986878C}.Debug|Any CPU.Build.0 = Debug|Any CPU
		{BA1EACA5-2DE5-4B86-9DAD-AF9E5986878C}.Release|Any CPU.ActiveCfg = Release|Any CPU
		{BA1EACA5-2DE5-4B86-9DAD-AF9E5986878C}.Release|Any CPU.Build.0 = Release|Any CPU
		{061ACF4D-C609-4E85-997C-5154562549DB}.Build|Any CPU.ActiveCfg = Build|Any CPU
		{061ACF4D-C609-4E85-997C-5154562549DB}.Build|Any CPU.Build.0 = Build|Any CPU
		{061ACF4D-C609-4E85-997C-5154562549DB}.Debug|Any CPU.ActiveCfg = Debug|Any CPU
		{061ACF4D-C609-4E85-997C-5154562549DB}.Debug|Any CPU.Build.0 = Debug|Any CPU
		{061ACF4D-C609-4E85-997C-5154562549DB}.Release|Any CPU.ActiveCfg = Release|Any CPU
		{061ACF4D-C609-4E85-997C-5154562549DB}.Release|Any CPU.Build.0 = Release|Any CPU
		{D8BE8949-53E4-47E2-A40F-6D9523E689C6}.Build|Any CPU.ActiveCfg = Build|Any CPU
		{D8BE8949-53E4-47E2-A40F-6D9523E689C6}.Build|Any CPU.Build.0 = Build|Any CPU
		{D8BE8949-53E4-47E2-A40F-6D9523E689C6}.Debug|Any CPU.ActiveCfg = Debug|Any CPU
		{D8BE8949-53E4-47E2-A40F-6D9523E689C6}.Debug|Any CPU.Build.0 = Debug|Any CPU
		{D8BE8949-53E4-47E2-A40F-6D9523E689C6}.Release|Any CPU.ActiveCfg = Release|Any CPU
		{D8BE8949-53E4-47E2-A40F-6D9523E689C6}.Release|Any CPU.Build.0 = Release|Any CPU
		{C7744D36-69EB-47A4-8F3B-A05C1F8BC683}.Build|Any CPU.ActiveCfg = Build|Any CPU
		{C7744D36-69EB-47A4-8F3B-A05C1F8BC683}.Build|Any CPU.Build.0 = Build|Any CPU
		{C7744D36-69EB-47A4-8F3B-A05C1F8BC683}.Debug|Any CPU.ActiveCfg = Debug|Any CPU
		{C7744D36-69EB-47A4-8F3B-A05C1F8BC683}.Debug|Any CPU.Build.0 = Debug|Any CPU
		{C7744D36-69EB-47A4-8F3B-A05C1F8BC683}.Release|Any CPU.ActiveCfg = Release|Any CPU
		{C7744D36-69EB-47A4-8F3B-A05C1F8BC683}.Release|Any CPU.Build.0 = Release|Any CPU
		{05DB5880-CDD4-4345-803F-B85C7B622F0C}.Build|Any CPU.ActiveCfg = Release|Any CPU
		{05DB5880-CDD4-4345-803F-B85C7B622F0C}.Debug|Any CPU.ActiveCfg = Debug|Any CPU
		{05DB5880-CDD4-4345-803F-B85C7B622F0C}.Debug|Any CPU.Build.0 = Debug|Any CPU
		{05DB5880-CDD4-4345-803F-B85C7B622F0C}.Release|Any CPU.ActiveCfg = Release|Any CPU
		{05DB5880-CDD4-4345-803F-B85C7B622F0C}.Release|Any CPU.Build.0 = Release|Any CPU
		{BAE935AE-D604-4931-A0B3-0187A6CB9E7E}.Build|Any CPU.ActiveCfg = Build|Any CPU
		{BAE935AE-D604-4931-A0B3-0187A6CB9E7E}.Build|Any CPU.Build.0 = Build|Any CPU
		{BAE935AE-D604-4931-A0B3-0187A6CB9E7E}.Debug|Any CPU.ActiveCfg = Debug|Any CPU
		{BAE935AE-D604-4931-A0B3-0187A6CB9E7E}.Debug|Any CPU.Build.0 = Debug|Any CPU
		{BAE935AE-D604-4931-A0B3-0187A6CB9E7E}.Release|Any CPU.ActiveCfg = Release|Any CPU
		{BAE935AE-D604-4931-A0B3-0187A6CB9E7E}.Release|Any CPU.Build.0 = Release|Any CPU
		{5B7FC0D6-C321-49DA-8E2B-82E01AC62CA6}.Build|Any CPU.ActiveCfg = Release|Any CPU
		{5B7FC0D6-C321-49DA-8E2B-82E01AC62CA6}.Build|Any CPU.Build.0 = Release|Any CPU
		{5B7FC0D6-C321-49DA-8E2B-82E01AC62CA6}.Debug|Any CPU.ActiveCfg = Debug|Any CPU
		{5B7FC0D6-C321-49DA-8E2B-82E01AC62CA6}.Debug|Any CPU.Build.0 = Debug|Any CPU
		{5B7FC0D6-C321-49DA-8E2B-82E01AC62CA6}.Release|Any CPU.ActiveCfg = Release|Any CPU
		{5B7FC0D6-C321-49DA-8E2B-82E01AC62CA6}.Release|Any CPU.Build.0 = Release|Any CPU
		{F9747696-9647-4F4E-80DA-F325699425AA}.Build|Any CPU.ActiveCfg = Release|Any CPU
		{F9747696-9647-4F4E-80DA-F325699425AA}.Build|Any CPU.Build.0 = Release|Any CPU
		{F9747696-9647-4F4E-80DA-F325699425AA}.Debug|Any CPU.ActiveCfg = Debug|Any CPU
		{F9747696-9647-4F4E-80DA-F325699425AA}.Debug|Any CPU.Build.0 = Debug|Any CPU
		{F9747696-9647-4F4E-80DA-F325699425AA}.Release|Any CPU.ActiveCfg = Release|Any CPU
		{F9747696-9647-4F4E-80DA-F325699425AA}.Release|Any CPU.Build.0 = Release|Any CPU
		{D7584247-4B62-41D2-9171-20ABC8B0945B}.Build|Any CPU.ActiveCfg = Build|Any CPU
		{D7584247-4B62-41D2-9171-20ABC8B0945B}.Build|Any CPU.Build.0 = Build|Any CPU
		{D7584247-4B62-41D2-9171-20ABC8B0945B}.Debug|Any CPU.ActiveCfg = Debug|Any CPU
		{D7584247-4B62-41D2-9171-20ABC8B0945B}.Debug|Any CPU.Build.0 = Debug|Any CPU
		{D7584247-4B62-41D2-9171-20ABC8B0945B}.Release|Any CPU.ActiveCfg = Release|Any CPU
		{D7584247-4B62-41D2-9171-20ABC8B0945B}.Release|Any CPU.Build.0 = Release|Any CPU
		{4DFADF7A-B1FB-4092-910E-B9586902BC44}.Build|Any CPU.ActiveCfg = Build|Any CPU
		{4DFADF7A-B1FB-4092-910E-B9586902BC44}.Build|Any CPU.Build.0 = Build|Any CPU
		{4DFADF7A-B1FB-4092-910E-B9586902BC44}.Debug|Any CPU.ActiveCfg = Debug|Any CPU
		{4DFADF7A-B1FB-4092-910E-B9586902BC44}.Debug|Any CPU.Build.0 = Debug|Any CPU
		{4DFADF7A-B1FB-4092-910E-B9586902BC44}.Release|Any CPU.ActiveCfg = Release|Any CPU
		{4DFADF7A-B1FB-4092-910E-B9586902BC44}.Release|Any CPU.Build.0 = Release|Any CPU
		{772D7411-7EFF-4CEA-B31F-B1FFDDA5CA7C}.Build|Any CPU.ActiveCfg = Release|Any CPU
		{772D7411-7EFF-4CEA-B31F-B1FFDDA5CA7C}.Build|Any CPU.Build.0 = Release|Any CPU
		{772D7411-7EFF-4CEA-B31F-B1FFDDA5CA7C}.Debug|Any CPU.ActiveCfg = Debug|Any CPU
		{772D7411-7EFF-4CEA-B31F-B1FFDDA5CA7C}.Debug|Any CPU.Build.0 = Debug|Any CPU
		{772D7411-7EFF-4CEA-B31F-B1FFDDA5CA7C}.Release|Any CPU.ActiveCfg = Release|Any CPU
		{772D7411-7EFF-4CEA-B31F-B1FFDDA5CA7C}.Release|Any CPU.Build.0 = Release|Any CPU
	EndGlobalSection
	GlobalSection(SolutionProperties) = preSolution
		HideSolutionNode = FALSE
	EndGlobalSection
	GlobalSection(NestedProjects) = preSolution
		{973CAFCD-3775-4CEE-844F-EA7A7954CA88} = {76420CFE-43A4-4E16-8AA5-8659E142AE4A}
		{2CADE49A-74E3-4BE2-8FAF-AA6318458D22} = {76420CFE-43A4-4E16-8AA5-8659E142AE4A}
		{EDBA452F-DEFB-43C1-B5B1-75D1B3EF1CB9} = {76420CFE-43A4-4E16-8AA5-8659E142AE4A}
		{35C74C26-1589-47B5-B3DD-BA976B779014} = {76420CFE-43A4-4E16-8AA5-8659E142AE4A}
		{8C8793C2-7B93-4031-A71C-7D0FEA3CE990} = {76420CFE-43A4-4E16-8AA5-8659E142AE4A}
		{9637FA1D-540D-474B-9E2B-93EE96695505} = {76420CFE-43A4-4E16-8AA5-8659E142AE4A}
		{EADD675F-7358-4E0F-B5C3-36515641D6AD} = {76420CFE-43A4-4E16-8AA5-8659E142AE4A}
		{3ADD0829-71B7-483D-9C26-6DE3AD03DFE6} = {76420CFE-43A4-4E16-8AA5-8659E142AE4A}
		{3FC8BC73-6C68-49DC-89A8-2F2A9AD76D50} = {76420CFE-43A4-4E16-8AA5-8659E142AE4A}
		{F3031E96-A359-4B8F-946A-7A49129F9681} = {76420CFE-43A4-4E16-8AA5-8659E142AE4A}
		{5A36BC50-B7FC-4088-AD33-676FD039F9E4} = {76420CFE-43A4-4E16-8AA5-8659E142AE4A}
		{28CEDF68-BF09-4BAB-B413-35EE62285DC5} = {76420CFE-43A4-4E16-8AA5-8659E142AE4A}
		{09E2EAFA-A757-4A8F-9D5F-0CBD7C9DCB9D} = {76420CFE-43A4-4E16-8AA5-8659E142AE4A}
		{FC90E250-E5A7-4C6D-BF4C-209729DEC3DB} = {76420CFE-43A4-4E16-8AA5-8659E142AE4A}
		{EB3F6EEB-B029-4888-913B-E13C43001B0C} = {66BA7D8D-AF08-4FAE-AB0F-58AB6E5EFB77}
		{BA1EACA5-2DE5-4B86-9DAD-AF9E5986878C} = {66BA7D8D-AF08-4FAE-AB0F-58AB6E5EFB77}
		{061ACF4D-C609-4E85-997C-5154562549DB} = {76420CFE-43A4-4E16-8AA5-8659E142AE4A}
		{D8BE8949-53E4-47E2-A40F-6D9523E689C6} = {76420CFE-43A4-4E16-8AA5-8659E142AE4A}
		{C7744D36-69EB-47A4-8F3B-A05C1F8BC683} = {76420CFE-43A4-4E16-8AA5-8659E142AE4A}
		{BAE935AE-D604-4931-A0B3-0187A6CB9E7E} = {76420CFE-43A4-4E16-8AA5-8659E142AE4A}
		{5B7FC0D6-C321-49DA-8E2B-82E01AC62CA6} = {76420CFE-43A4-4E16-8AA5-8659E142AE4A}
		{F9747696-9647-4F4E-80DA-F325699425AA} = {76420CFE-43A4-4E16-8AA5-8659E142AE4A}
		{D7584247-4B62-41D2-9171-20ABC8B0945B} = {76420CFE-43A4-4E16-8AA5-8659E142AE4A}
		{4DFADF7A-B1FB-4092-910E-B9586902BC44} = {76420CFE-43A4-4E16-8AA5-8659E142AE4A}
		{772D7411-7EFF-4CEA-B31F-B1FFDDA5CA7C} = {76420CFE-43A4-4E16-8AA5-8659E142AE4A}
	EndGlobalSection
EndGlobal
